
Microsoft Visual Studio Solution File, Format Version 12.00
# Visual Studio Version 16
VisualStudioVersion = 16.0.30011.22
MinimumVisualStudioVersion = 10.0.40219.1
Project("{FAE04EC0-301F-11D3-BF4B-00C04F79EFBC}") = "data_markup_application", "WindowsFormsApplication347\data_markup_application.csproj", "{524BEAFB-3013-4960-B9BC-D317B65EA41F}"
EndProject
Global
	GlobalSection(SolutionConfigurationPlatforms) = preSolution
		Debug|x86 = Debug|x86
		Release|x86 = Release|x86
	EndGlobalSection
	GlobalSection(ProjectConfigurationPlatforms) = postSolution
		{524BEAFB-3013-4960-B9BC-D317B65EA41F}.Debug|x86.ActiveCfg = Debug|x86
		{524BEAFB-3013-4960-B9BC-D317B65EA41F}.Debug|x86.Build.0 = Debug|x86
		{524BEAFB-3013-4960-B9BC-D317B65EA41F}.Release|x86.ActiveCfg = Release|x86
		{524BEAFB-3013-4960-B9BC-D317B65EA41F}.Release|x86.Build.0 = Release|x86
	EndGlobalSection
	GlobalSection(SolutionProperties) = preSolution
		HideSolutionNode = FALSE
	EndGlobalSection
	GlobalSection(ExtensibilityGlobals) = postSolution
		SolutionGuid = {F5B4DC3C-1603-40EA-B5F3-3F9675C540CF}
	EndGlobalSection
EndGlobal
